// !$*UTF8*$!
{
	archiveVersion = 1;
	classes = {
	};
	objectVersion = 50;
	objects = {

/* Begin PBXBuildFile section */
		1238C3A022FD6AF400F6C88E /* AppDelegate.m in Sources */ = {isa = PBXBuildFile; fileRef = 1238C39F22FD6AF400F6C88E /* AppDelegate.m */; };
		1238C3A322FD6AF400F6C88E /* ViewController.m in Sources */ = {isa = PBXBuildFile; fileRef = 1238C3A222FD6AF400F6C88E /* ViewController.m */; };
		1238C3A622FD6AF400F6C88E /* Main.storyboard in Resources */ = {isa = PBXBuildFile; fileRef = 1238C3A422FD6AF400F6C88E /* Main.storyboard */; };
		1238C3A922FD6AF400F6C88E /* DemoApp.xcdatamodeld in Sources */ = {isa = PBXBuildFile; fileRef = 1238C3A722FD6AF400F6C88E /* DemoApp.xcdatamodeld */; };
		1238C3AB22FD6AF600F6C88E /* Assets.xcassets in Resources */ = {isa = PBXBuildFile; fileRef = 1238C3AA22FD6AF600F6C88E /* Assets.xcassets */; };
		1238C3AE22FD6AF600F6C88E /* LaunchScreen.storyboard in Resources */ = {isa = PBXBuildFile; fileRef = 1238C3AC22FD6AF600F6C88E /* LaunchScreen.storyboard */; };
		1238C3B122FD6AF600F6C88E /* main.m in Sources */ = {isa = PBXBuildFile; fileRef = 1238C3B022FD6AF600F6C88E /* main.m */; };
		1238C3BB22FD6AF600F6C88E /* DemoAppTests.m in Sources */ = {isa = PBXBuildFile; fileRef = 1238C3BA22FD6AF600F6C88E /* DemoAppTests.m */; };
		1238C3C622FD6AF600F6C88E /* DemoAppUITests.m in Sources */ = {isa = PBXBuildFile; fileRef = 1238C3C522FD6AF600F6C88E /* DemoAppUITests.m */; };
/* End PBXBuildFile section */

/* Begin PBXContainerItemProxy section */
		1238C3B722FD6AF600F6C88E /* PBXContainerItemProxy */ = {
			isa = PBXContainerItemProxy;
			containerPortal = 1238C39322FD6AF400F6C88E /* Project object */;
			proxyType = 1;
			remoteGlobalIDString = 1238C39A22FD6AF400F6C88E;
			remoteInfo = DemoApp;
		};
		1238C3C222FD6AF600F6C88E /* PBXContainerItemProxy */ = {
			isa = PBXContainerItemProxy;
			containerPortal = 1238C39322FD6AF400F6C88E /* Project object */;
			proxyType = 1;
			remoteGlobalIDString = 1238C39A22FD6AF400F6C88E;
			remoteInfo = DemoApp;
		};
/* End PBXContainerItemProxy section */

/* Begin PBXFileReference section */
		1238C39B22FD6AF400F6C88E /* DemoApp.app */ = {isa = PBXFileReference; explicitFileType = wrapper.application; includeInIndex = 0; path = DemoApp.app; sourceTree = BUILT_PRODUCTS_DIR; };
		1238C39E22FD6AF400F6C88E /* AppDelegate.h */ = {isa = PBXFileReference; lastKnownFileType = sourcecode.c.h; path = AppDelegate.h; sourceTree = "<group>"; };
		1238C39F22FD6AF400F6C88E /* AppDelegate.m */ = {isa = PBXFileReference; lastKnownFileType = sourcecode.c.objc; path = AppDelegate.m; sourceTree = "<group>"; };
		1238C3A122FD6AF400F6C88E /* ViewController.h */ = {isa = PBXFileReference; lastKnownFileType = sourcecode.c.h; path = ViewController.h; sourceTree = "<group>"; };
		1238C3A222FD6AF400F6C88E /* ViewController.m */ = {isa = PBXFileReference; lastKnownFileType = sourcecode.c.objc; path = ViewController.m; sourceTree = "<group>"; };
		1238C3A522FD6AF400F6C88E /* Base */ = {isa = PBXFileReference; lastKnownFileType = file.storyboard; name = Base; path = Base.lproj/Main.storyboard; sourceTree = "<group>"; };
		1238C3A822FD6AF400F6C88E /* DemoApp.xcdatamodel */ = {isa = PBXFileReference; lastKnownFileType = wrapper.xcdatamodel; path = DemoApp.xcdatamodel; sourceTree = "<group>"; };
		1238C3AA22FD6AF600F6C88E /* Assets.xcassets */ = {isa = PBXFileReference; lastKnownFileType = folder.assetcatalog; path = Assets.xcassets; sourceTree = "<group>"; };
		1238C3AD22FD6AF600F6C88E /* Base */ = {isa = PBXFileReference; lastKnownFileType = file.storyboard; name = Base; path = Base.lproj/LaunchScreen.storyboard; sourceTree = "<group>"; };
		1238C3AF22FD6AF600F6C88E /* Info.plist */ = {isa = PBXFileReference; lastKnownFileType = text.plist.xml; path = Info.plist; sourceTree = "<group>"; };
		1238C3B022FD6AF600F6C88E /* main.m */ = {isa = PBXFileReference; lastKnownFileType = sourcecode.c.objc; path = main.m; sourceTree = "<group>"; };
		1238C3B622FD6AF600F6C88E /* DemoAppTests.xctest */ = {isa = PBXFileReference; explicitFileType = wrapper.cfbundle; includeInIndex = 0; path = DemoAppTests.xctest; sourceTree = BUILT_PRODUCTS_DIR; };
		1238C3BA22FD6AF600F6C88E /* DemoAppTests.m */ = {isa = PBXFileReference; lastKnownFileType = sourcecode.c.objc; path = DemoAppTests.m; sourceTree = "<group>"; };
		1238C3BC22FD6AF600F6C88E /* Info.plist */ = {isa = PBXFileReference; lastKnownFileType = text.plist.xml; path = Info.plist; sourceTree = "<group>"; };
		1238C3C122FD6AF600F6C88E /* DemoAppUITests.xctest */ = {isa = PBXFileReference; explicitFileType = wrapper.cfbundle; includeInIndex = 0; path = DemoAppUITests.xctest; sourceTree = BUILT_PRODUCTS_DIR; };
		1238C3C522FD6AF600F6C88E /* DemoAppUITests.m */ = {isa = PBXFileReference; lastKnownFileType = sourcecode.c.objc; path = DemoAppUITests.m; sourceTree = "<group>"; };
		1238C3C722FD6AF600F6C88E /* Info.plist */ = {isa = PBXFileReference; lastKnownFileType = text.plist.xml; path = Info.plist; sourceTree = "<group>"; };
/* End PBXFileReference section */

/* Begin PBXFrameworksBuildPhase section */
		1238C39822FD6AF400F6C88E /* Frameworks */ = {
			isa = PBXFrameworksBuildPhase;
			buildActionMask = 2147483647;
			files = (
			);
			runOnlyForDeploymentPostprocessing = 0;
		};
		1238C3B322FD6AF600F6C88E /* Frameworks */ = {
			isa = PBXFrameworksBuildPhase;
			buildActionMask = 2147483647;
			files = (
			);
			runOnlyForDeploymentPostprocessing = 0;
		};
		1238C3BE22FD6AF600F6C88E /* Frameworks */ = {
			isa = PBXFrameworksBuildPhase;
			buildActionMask = 2147483647;
			files = (
			);
			runOnlyForDeploymentPostprocessing = 0;
		};
/* End PBXFrameworksBuildPhase section */

/* Begin PBXGroup section */
		1238C39222FD6AF400F6C88E = {
			isa = PBXGroup;
			children = (
				1238C39D22FD6AF400F6C88E /* DemoApp */,
				1238C3B922FD6AF600F6C88E /* DemoAppTests */,
				1238C3C422FD6AF600F6C88E /* DemoAppUITests */,
				1238C39C22FD6AF400F6C88E /* Products */,
			);
			sourceTree = "<group>";
		};
		1238C39C22FD6AF400F6C88E /* Products */ = {
			isa = PBXGroup;
			children = (
				1238C39B22FD6AF400F6C88E /* DemoApp.app */,
				1238C3B622FD6AF600F6C88E /* DemoAppTests.xctest */,
				1238C3C122FD6AF600F6C88E /* DemoAppUITests.xctest */,
			);
			name = Products;
			sourceTree = "<group>";
		};
		1238C39D22FD6AF400F6C88E /* DemoApp */ = {
			isa = PBXGroup;
			children = (
				1238C39E22FD6AF400F6C88E /* AppDelegate.h */,
				1238C39F22FD6AF400F6C88E /* AppDelegate.m */,
				1238C3A122FD6AF400F6C88E /* ViewController.h */,
				1238C3A222FD6AF400F6C88E /* ViewController.m */,
				1238C3A422FD6AF400F6C88E /* Main.storyboard */,
				1238C3AA22FD6AF600F6C88E /* Assets.xcassets */,
				1238C3AC22FD6AF600F6C88E /* LaunchScreen.storyboard */,
				1238C3AF22FD6AF600F6C88E /* Info.plist */,
				1238C3B022FD6AF600F6C88E /* main.m */,
				1238C3A722FD6AF400F6C88E /* DemoApp.xcdatamodeld */,
			);
			path = DemoApp;
			sourceTree = "<group>";
		};
		1238C3B922FD6AF600F6C88E /* DemoAppTests */ = {
			isa = PBXGroup;
			children = (
				1238C3BA22FD6AF600F6C88E /* DemoAppTests.m */,
				1238C3BC22FD6AF600F6C88E /* Info.plist */,
			);
			path = DemoAppTests;
			sourceTree = "<group>";
		};
		1238C3C422FD6AF600F6C88E /* DemoAppUITests */ = {
			isa = PBXGroup;
			children = (
				1238C3C522FD6AF600F6C88E /* DemoAppUITests.m */,
				1238C3C722FD6AF600F6C88E /* Info.plist */,
			);
			path = DemoAppUITests;
			sourceTree = "<group>";
		};
/* End PBXGroup section */

/* Begin PBXNativeTarget section */
		1238C39A22FD6AF400F6C88E /* DemoApp */ = {
			isa = PBXNativeTarget;
			buildConfigurationList = 1238C3CA22FD6AF600F6C88E /* Build configuration list for PBXNativeTarget "DemoApp" */;
			buildPhases = (
				1238C39722FD6AF400F6C88E /* Sources */,
				1238C39822FD6AF400F6C88E /* Frameworks */,
				1238C39922FD6AF400F6C88E /* Resources */,
			);
			buildRules = (
			);
			dependencies = (
			);
			name = DemoApp;
			productName = DemoApp;
			productReference = 1238C39B22FD6AF400F6C88E /* DemoApp.app */;
			productType = "com.apple.product-type.application";
		};
		1238C3B522FD6AF600F6C88E /* DemoAppTests */ = {
			isa = PBXNativeTarget;
			buildConfigurationList = 1238C3CD22FD6AF600F6C88E /* Build configuration list for PBXNativeTarget "DemoAppTests" */;
			buildPhases = (
				1238C3B222FD6AF600F6C88E /* Sources */,
				1238C3B322FD6AF600F6C88E /* Frameworks */,
				1238C3B422FD6AF600F6C88E /* Resources */,
			);
			buildRules = (
			);
			dependencies = (
				1238C3B822FD6AF600F6C88E /* PBXTargetDependency */,
			);
			name = DemoAppTests;
			productName = DemoAppTests;
			productReference = 1238C3B622FD6AF600F6C88E /* DemoAppTests.xctest */;
			productType = "com.apple.product-type.bundle.unit-test";
		};
		1238C3C022FD6AF600F6C88E /* DemoAppUITests */ = {
			isa = PBXNativeTarget;
			buildConfigurationList = 1238C3D022FD6AF600F6C88E /* Build configuration list for PBXNativeTarget "DemoAppUITests" */;
			buildPhases = (
				1238C3BD22FD6AF600F6C88E /* Sources */,
				1238C3BE22FD6AF600F6C88E /* Frameworks */,
				1238C3BF22FD6AF600F6C88E /* Resources */,
			);
			buildRules = (
			);
			dependencies = (
				1238C3C322FD6AF600F6C88E /* PBXTargetDependency */,
			);
			name = DemoAppUITests;
			productName = DemoAppUITests;
			productReference = 1238C3C122FD6AF600F6C88E /* DemoAppUITests.xctest */;
			productType = "com.apple.product-type.bundle.ui-testing";
		};
/* End PBXNativeTarget section */

/* Begin PBXProject section */
		1238C39322FD6AF400F6C88E /* Project object */ = {
			isa = PBXProject;
			attributes = {
				LastUpgradeCheck = 1030;
				ORGANIZATIONNAME = Admin;
				TargetAttributes = {
					1238C39A22FD6AF400F6C88E = {
						CreatedOnToolsVersion = 10.3;
					};
					1238C3B522FD6AF600F6C88E = {
						CreatedOnToolsVersion = 10.3;
						TestTargetID = 1238C39A22FD6AF400F6C88E;
					};
					1238C3C022FD6AF600F6C88E = {
						CreatedOnToolsVersion = 10.3;
						TestTargetID = 1238C39A22FD6AF400F6C88E;
					};
				};
			};
			buildConfigurationList = 1238C39622FD6AF400F6C88E /* Build configuration list for PBXProject "DemoApp" */;
			compatibilityVersion = "Xcode 9.3";
			developmentRegion = en;
			hasScannedForEncodings = 0;
			knownRegions = (
				en,
				Base,
			);
			mainGroup = 1238C39222FD6AF400F6C88E;
			productRefGroup = 1238C39C22FD6AF400F6C88E /* Products */;
			projectDirPath = "";
			projectRoot = "";
			targets = (
				1238C39A22FD6AF400F6C88E /* DemoApp */,
				1238C3B522FD6AF600F6C88E /* DemoAppTests */,
				1238C3C022FD6AF600F6C88E /* DemoAppUITests */,
			);
		};
/* End PBXProject section */

/* Begin PBXResourcesBuildPhase section */
		1238C39922FD6AF400F6C88E /* Resources */ = {
			isa = PBXResourcesBuildPhase;
			buildActionMask = 2147483647;
			files = (
				1238C3AE22FD6AF600F6C88E /* LaunchScreen.storyboard in Resources */,
				1238C3AB22FD6AF600F6C88E /* Assets.xcassets in Resources */,
				1238C3A622FD6AF400F6C88E /* Main.storyboard in Resources */,
			);
			runOnlyForDeploymentPostprocessing = 0;
		};
		1238C3B422FD6AF600F6C88E /* Resources */ = {
			isa = PBXResourcesBuildPhase;
			buildActionMask = 2147483647;
			files = (
			);
			runOnlyForDeploymentPostprocessing = 0;
		};
		1238C3BF22FD6AF600F6C88E /* Resources */ = {
			isa = PBXResourcesBuildPhase;
			buildActionMask = 2147483647;
			files = (
			);
			runOnlyForDeploymentPostprocessing = 0;
		};
/* End PBXResourcesBuildPhase section */

/* Begin PBXSourcesBuildPhase section */
		1238C39722FD6AF400F6C88E /* Sources */ = {
			isa = PBXSourcesBuildPhase;
			buildActionMask = 2147483647;
			files = (
				1238C3A322FD6AF400F6C88E /* ViewController.m in Sources */,
				1238C3A922FD6AF400F6C88E /* DemoApp.xcdatamodeld in Sources */,
				1238C3B122FD6AF600F6C88E /* main.m in Sources */,
				1238C3A022FD6AF400F6C88E /* AppDelegate.m in Sources */,
			);
			runOnlyForDeploymentPostprocessing = 0;
		};
		1238C3B222FD6AF600F6C88E /* Sources */ = {
			isa = PBXSourcesBuildPhase;
			buildActionMask = 2147483647;
			files = (
				1238C3BB22FD6AF600F6C88E /* DemoAppTests.m in Sources */,
			);
			runOnlyForDeploymentPostprocessing = 0;
		};
		1238C3BD22FD6AF600F6C88E /* Sources */ = {
			isa = PBXSourcesBuildPhase;
			buildActionMask = 2147483647;
			files = (
				1238C3C622FD6AF600F6C88E /* DemoAppUITests.m in Sources */,
			);
			runOnlyForDeploymentPostprocessing = 0;
		};
/* End PBXSourcesBuildPhase section */

/* Begin PBXTargetDependency section */
		1238C3B822FD6AF600F6C88E /* PBXTargetDependency */ = {
			isa = PBXTargetDependency;
			target = 1238C39A22FD6AF400F6C88E /* DemoApp */;
			targetProxy = 1238C3B722FD6AF600F6C88E /* PBXContainerItemProxy */;
		};
		1238C3C322FD6AF600F6C88E /* PBXTargetDependency */ = {
			isa = PBXTargetDependency;
			target = 1238C39A22FD6AF400F6C88E /* DemoApp */;
			targetProxy = 1238C3C222FD6AF600F6C88E /* PBXContainerItemProxy */;
		};
/* End PBXTargetDependency section */

/* Begin PBXVariantGroup section */
		1238C3A422FD6AF400F6C88E /* Main.storyboard */ = {
			isa = PBXVariantGroup;
			children = (
				1238C3A522FD6AF400F6C88E /* Base */,
			);
			name = Main.storyboard;
			sourceTree = "<group>";
		};
		1238C3AC22FD6AF600F6C88E /* LaunchScreen.storyboard */ = {
			isa = PBXVariantGroup;
			children = (
				1238C3AD22FD6AF600F6C88E /* Base */,
			);
			name = LaunchScreen.storyboard;
			sourceTree = "<group>";
		};
/* End PBXVariantGroup section */

/* Begin XCBuildConfiguration section */
		1238C3C822FD6AF600F6C88E /* Debug */ = {
			isa = XCBuildConfiguration;
			buildSettings = {
				ALWAYS_SEARCH_USER_PATHS = NO;
				CLANG_ANALYZER_NONNULL = YES;
				CLANG_ANALYZER_NUMBER_OBJECT_CONVERSION = YES_AGGRESSIVE;
				CLANG_CXX_LANGUAGE_STANDARD = "gnu++14";
				CLANG_CXX_LIBRARY = "libc++";
				CLANG_ENABLE_MODULES = YES;
				CLANG_ENABLE_OBJC_ARC = YES;
				CLANG_ENABLE_OBJC_WEAK = YES;
				CLANG_WARN_BLOCK_CAPTURE_AUTORELEASING = YES;
				CLANG_WARN_BOOL_CONVERSION = YES;
				CLANG_WARN_COMMA = YES;
				CLANG_WARN_CONSTANT_CONVERSION = YES;
				CLANG_WARN_DEPRECATED_OBJC_IMPLEMENTATIONS = YES;
				CLANG_WARN_DIRECT_OBJC_ISA_USAGE = YES_ERROR;
				CLANG_WARN_DOCUMENTATION_COMMENTS = YES;
				CLANG_WARN_EMPTY_BODY = YES;
				CLANG_WARN_ENUM_CONVERSION = YES;
				CLANG_WARN_INFINITE_RECURSION = YES;
				CLANG_WARN_INT_CONVERSION = YES;
				CLANG_WARN_NON_LITERAL_NULL_CONVERSION = YES;
				CLANG_WARN_OBJC_IMPLICIT_RETAIN_SELF = YES;
				CLANG_WARN_OBJC_LITERAL_CONVERSION = YES;
				CLANG_WARN_OBJC_ROOT_CLASS = YES_ERROR;
				CLANG_WARN_RANGE_LOOP_ANALYSIS = YES;
				CLANG_WARN_STRICT_PROTOTYPES = YES;
				CLANG_WARN_SUSPICIOUS_MOVE = YES;
				CLANG_WARN_UNGUARDED_AVAILABILITY = YES_AGGRESSIVE;
				CLANG_WARN_UNREACHABLE_CODE = YES;
				CLANG_WARN__DUPLICATE_METHOD_MATCH = YES;
				CODE_SIGN_IDENTITY = "iPhone Developer";
				COPY_PHASE_STRIP = NO;
				DEBUG_INFORMATION_FORMAT = dwarf;
				ENABLE_STRICT_OBJC_MSGSEND = YES;
				ENABLE_TESTABILITY = YES;
				GCC_C_LANGUAGE_STANDARD = gnu11;
				GCC_DYNAMIC_NO_PIC = NO;
				GCC_NO_COMMON_BLOCKS = YES;
				GCC_OPTIMIZATION_LEVEL = 0;
				GCC_PREPROCESSOR_DEFINITIONS = (
					"DEBUG=1",
					"$(inherited)",
				);
				GCC_WARN_64_TO_32_BIT_CONVERSION = YES;
				GCC_WARN_ABOUT_RETURN_TYPE = YES_ERROR;
				GCC_WARN_UNDECLARED_SELECTOR = YES;
				GCC_WARN_UNINITIALIZED_AUTOS = YES_AGGRESSIVE;
				GCC_WARN_UNUSED_FUNCTION = YES;
				GCC_WARN_UNUSED_VARIABLE = YES;
				IPHONEOS_DEPLOYMENT_TARGET = 12.4;
				MTL_ENABLE_DEBUG_INFO = INCLUDE_SOURCE;
				MTL_FAST_MATH = YES;
				ONLY_ACTIVE_ARCH = YES;
				SDKROOT = iphoneos;
			};
			name = Debug;
		};
		1238C3C922FD6AF600F6C88E /* Release */ = {
			isa = XCBuildConfiguration;
			buildSettings = {
				ALWAYS_SEARCH_USER_PATHS = NO;
				CLANG_ANALYZER_NONNULL = YES;
				CLANG_ANALYZER_NUMBER_OBJECT_CONVERSION = YES_AGGRESSIVE;
				CLANG_CXX_LANGUAGE_STANDARD = "gnu++14";
				CLANG_CXX_LIBRARY = "libc++";
				CLANG_ENABLE_MODULES = YES;
				CLANG_ENABLE_OBJC_ARC = YES;
				CLANG_ENABLE_OBJC_WEAK = YES;
				CLANG_WARN_BLOCK_CAPTURE_AUTORELEASING = YES;
				CLANG_WARN_BOOL_CONVERSION = YES;
				CLANG_WARN_COMMA = YES;
				CLANG_WARN_CONSTANT_CONVERSION = YES;
				CLANG_WARN_DEPRECATED_OBJC_IMPLEMENTATIONS = YES;
				CLANG_WARN_DIRECT_OBJC_ISA_USAGE = YES_ERROR;
				CLANG_WARN_DOCUMENTATION_COMMENTS = YES;
				CLANG_WARN_EMPTY_BODY = YES;
				CLANG_WARN_ENUM_CONVERSION = YES;
				CLANG_WARN_INFINITE_RECURSION = YES;
				CLANG_WARN_INT_CONVERSION = YES;
				CLANG_WARN_NON_LITERAL_NULL_CONVERSION = YES;
				CLANG_WARN_OBJC_IMPLICIT_RETAIN_SELF = YES;
				CLANG_WARN_OBJC_LITERAL_CONVERSION = YES;
				CLANG_WARN_OBJC_ROOT_CLASS = YES_ERROR;
				CLANG_WARN_RANGE_LOOP_ANALYSIS = YES;
				CLANG_WARN_STRICT_PROTOTYPES = YES;
				CLANG_WARN_SUSPICIOUS_MOVE = YES;
				CLANG_WARN_UNGUARDED_AVAILABILITY = YES_AGGRESSIVE;
				CLANG_WARN_UNREACHABLE_CODE = YES;
				CLANG_WARN__DUPLICATE_METHOD_MATCH = YES;
				CODE_SIGN_IDENTITY = "iPhone Developer";
				COPY_PHASE_STRIP = NO;
				DEBUG_INFORMATION_FORMAT = "dwarf-with-dsym";
				ENABLE_NS_ASSERTIONS = NO;
				ENABLE_STRICT_OBJC_MSGSEND = YES;
				GCC_C_LANGUAGE_STANDARD = gnu11;
				GCC_NO_COMMON_BLOCKS = YES;
				GCC_WARN_64_TO_32_BIT_CONVERSION = YES;
				GCC_WARN_ABOUT_RETURN_TYPE = YES_ERROR;
				GCC_WARN_UNDECLARED_SELECTOR = YES;
				GCC_WARN_UNINITIALIZED_AUTOS = YES_AGGRESSIVE;
				GCC_WARN_UNUSED_FUNCTION = YES;
				GCC_WARN_UNUSED_VARIABLE = YES;
				IPHONEOS_DEPLOYMENT_TARGET = 12.4;
				MTL_ENABLE_DEBUG_INFO = NO;
				MTL_FAST_MATH = YES;
				SDKROOT = iphoneos;
				VALIDATE_PRODUCT = YES;
			};
			name = Release;
		};
		1238C3CB22FD6AF600F6C88E /* Debug */ = {
			isa = XCBuildConfiguration;
			buildSettings = {
				ASSETCATALOG_COMPILER_APPICON_NAME = AppIcon;
				CODE_SIGN_STYLE = Automatic;
				DEVELOPMENT_TEAM = 653Y8XXFCP;
				INFOPLIST_FILE = DemoApp/Info.plist;
				IPHONEOS_DEPLOYMENT_TARGET = 11.3;
				LD_RUNPATH_SEARCH_PATHS = (
					"$(inherited)",
					"@executable_path/Frameworks",
				);
				PRODUCT_BUNDLE_IDENTIFIER = com.App.DemoApp;
				PRODUCT_NAME = "$(TARGET_NAME)";
				TARGETED_DEVICE_FAMILY = "1,2";
			};
			name = Debug;
		};
		1238C3CC22FD6AF600F6C88E /* Release */ = {
			isa = XCBuildConfiguration;
			buildSettings = {
				ASSETCATALOG_COMPILER_APPICON_NAME = AppIcon;
				CODE_SIGN_STYLE = Automatic;
				DEVELOPMENT_TEAM = 653Y8XXFCP;
				INFOPLIST_FILE = DemoApp/Info.plist;
				IPHONEOS_DEPLOYMENT_TARGET = 11.3;
				LD_RUNPATH_SEARCH_PATHS = (
					"$(inherited)",
					"@executable_path/Frameworks",
				);
				PRODUCT_BUNDLE_IDENTIFIER = com.App.DemoApp;
				PRODUCT_NAME = "$(TARGET_NAME)";
				TARGETED_DEVICE_FAMILY = "1,2";
			};
			name = Release;
		};
		1238C3CE22FD6AF600F6C88E /* Debug */ = {
			isa = XCBuildConfiguration;
			buildSettings = {
				BUNDLE_LOADER = "$(TEST_HOST)";
				CODE_SIGN_STYLE = Automatic;
				DEVELOPMENT_TEAM = 653Y8XXFCP;
				INFOPLIST_FILE = DemoAppTests/Info.plist;
				LD_RUNPATH_SEARCH_PATHS = (
					"$(inherited)",
					"@executable_path/Frameworks",
					"@loader_path/Frameworks",
				);
				PRODUCT_BUNDLE_IDENTIFIER = com.App.DemoAppTests;
				PRODUCT_NAME = "$(TARGET_NAME)";
				TARGETED_DEVICE_FAMILY = "1,2";
				TEST_HOST = "$(BUILT_PRODUCTS_DIR)/DemoApp.app/DemoApp";
			};
			name = Debug;
		};
		1238C3CF22FD6AF600F6C88E /* Release */ = {
			isa = XCBuildConfiguration;
			buildSettings = {
				BUNDLE_LOADER = "$(TEST_HOST)";
				CODE_SIGN_STYLE = Automatic;
				DEVELOPMENT_TEAM = 653Y8XXFCP;
				INFOPLIST_FILE = DemoAppTests/Info.plist;
				LD_RUNPATH_SEARCH_PATHS = (
					"$(inherited)",
					"@executable_path/Frameworks",
					"@loader_path/Frameworks",
				);
				PRODUCT_BUNDLE_IDENTIFIER = com.App.DemoAppTests;
				PRODUCT_NAME = "$(TARGET_NAME)";
				TARGETED_DEVICE_FAMILY = "1,2";
				TEST_HOST = "$(BUILT_PRODUCTS_DIR)/DemoApp.app/DemoApp";
			};
			name = Release;
		};
		1238C3D122FD6AF600F6C88E /* Debug */ = {
			isa = XCBuildConfiguration;
			buildSettings = {
				CODE_SIGN_STYLE = Automatic;
				DEVELOPMENT_TEAM = 653Y8XXFCP;
				INFOPLIST_FILE = DemoAppUITests/Info.plist;
				LD_RUNPATH_SEARCH_PATHS = (
					"$(inherited)",
					"@executable_path/Frameworks",
					"@loader_path/Frameworks",
				);
				PRODUCT_BUNDLE_IDENTIFIER = com.App.DemoAppUITests;
				PRODUCT_NAME = "$(TARGET_NAME)";
				TARGETED_DEVICE_FAMILY = "1,2";
				TEST_TARGET_NAME = DemoApp;
			};
			name = Debug;
		};
		1238C3D222FD6AF600F6C88E /* Release */ = {
			isa = XCBuildConfiguration;
			buildSettings = {
				CODE_SIGN_STYLE = Automatic;
				DEVELOPMENT_TEAM = 653Y8XXFCP;
				INFOPLIST_FILE = DemoAppUITests/Info.plist;
				LD_RUNPATH_SEARCH_PATHS = (
					"$(inherited)",
					"@executable_path/Frameworks",
					"@loader_path/Frameworks",
				);
				PRODUCT_BUNDLE_IDENTIFIER = com.App.DemoAppUITests;
				PRODUCT_NAME = "$(TARGET_NAME)";
				TARGETED_DEVICE_FAMILY = "1,2";
				TEST_TARGET_NAME = DemoApp;
			};
			name = Release;
		};
/* End XCBuildConfiguration section */

/* Begin XCConfigurationList section */
		1238C39622FD6AF400F6C88E /* Build configuration list for PBXProject "DemoApp" */ = {
			isa = XCConfigurationList;
			buildConfigurations = (
				1238C3C822FD6AF600F6C88E /* Debug */,
				1238C3C922FD6AF600F6C88E /* Release */,
			);
			defaultConfigurationIsVisible = 0;
			defaultConfigurationName = Release;
		};
		1238C3CA22FD6AF600F6C88E /* Build configuration list for PBXNativeTarget "DemoApp" */ = {
			isa = XCConfigurationList;
			buildConfigurations = (
				1238C3CB22FD6AF600F6C88E /* Debug */,
				1238C3CC22FD6AF600F6C88E /* Release */,
			);
			defaultConfigurationIsVisible = 0;
			defaultConfigurationName = Release;
		};
		1238C3CD22FD6AF600F6C88E /* Build configuration list for PBXNativeTarget "DemoAppTests" */ = {
			isa = XCConfigurationList;
			buildConfigurations = (
				1238C3CE22FD6AF600F6C88E /* Debug */,
				1238C3CF22FD6AF600F6C88E /* Release */,
			);
			defaultConfigurationIsVisible = 0;
			defaultConfigurationName = Release;
		};
		1238C3D022FD6AF600F6C88E /* Build configuration list for PBXNativeTarget "DemoAppUITests" */ = {
			isa = XCConfigurationList;
			buildConfigurations = (
				1238C3D122FD6AF600F6C88E /* Debug */,
				1238C3D222FD6AF600F6C88E /* Release */,
			);
			defaultConfigurationIsVisible = 0;
			defaultConfigurationName = Release;
		};
/* End XCConfigurationList section */

/* Begin XCVersionGroup section */
		1238C3A722FD6AF400F6C88E /* DemoApp.xcdatamodeld */ = {
			isa = XCVersionGroup;
			children = (
				1238C3A822FD6AF400F6C88E /* DemoApp.xcdatamodel */,
			);
			currentVersion = 1238C3A822FD6AF400F6C88E /* DemoApp.xcdatamodel */;
			path = DemoApp.xcdatamodeld;
			sourceTree = "<group>";
			versionGroupType = wrapper.xcdatamodel;
		};
/* End XCVersionGroup section */
	};
	rootObject = 1238C39322FD6AF400F6C88E /* Project object */;
}
